{
  "requires": true,
  "lockfileVersion": 1,
  "dependencies": {
    "react-animated-slider": {
      "version": "2.0.0",
      "resolved": "https://registry.npmjs.org/react-animated-slider/-/react-animated-slider-2.0.0.tgz",
      "integrity": "sha512-JOvLvqAfdNrYjPJWnCZbtS7d/DxSowDTFeIbaS5xUDEVJe3whgxUD6rDZ6+VI0Rhp9N03ogdpuNKlFJIoPhIyg=="
    }
  }
}
